// !$*UTF8*$!
{
	archiveVersion = 1;
	classes = {
	};
	objectVersion = 56;
	objects = {

/* Begin PBXBuildFile section */
		1CA9BAF52B4D2BA700EE2925 /* FlagKit in Frameworks */ = {isa = PBXBuildFile; productRef = 1CA9BAF42B4D2BA700EE2925 /* FlagKit */; };
		1CE335272B4B5B3500CABBE2 /* moneyXchangerApp.swift in Sources */ = {isa = PBXBuildFile; fileRef = 1CE335262B4B5B3500CABBE2 /* moneyXchangerApp.swift */; };
		1CE335292B4B5B3500CABBE2 /* ContentView.swift in Sources */ = {isa = PBXBuildFile; fileRef = 1CE335282B4B5B3500CABBE2 /* ContentView.swift */; };
		1CE3352B2B4B5B3600CABBE2 /* Assets.xcassets in Resources */ = {isa = PBXBuildFile; fileRef = 1CE3352A2B4B5B3600CABBE2 /* Assets.xcassets */; };
		1CE3352E2B4B5B3600CABBE2 /* Preview Assets.xcassets in Resources */ = {isa = PBXBuildFile; fileRef = 1CE3352D2B4B5B3600CABBE2 /* Preview Assets.xcassets */; };
		1CE335382B4B5B3600CABBE2 /* moneyXchangerTests.swift in Sources */ = {isa = PBXBuildFile; fileRef = 1CE335372B4B5B3600CABBE2 /* moneyXchangerTests.swift */; };
		1CE335422B4B5B3600CABBE2 /* moneyXchangerUITests.swift in Sources */ = {isa = PBXBuildFile; fileRef = 1CE335412B4B5B3600CABBE2 /* moneyXchangerUITests.swift */; };
		1CE335442B4B5B3600CABBE2 /* moneyXchangerUITestsLaunchTests.swift in Sources */ = {isa = PBXBuildFile; fileRef = 1CE335432B4B5B3600CABBE2 /* moneyXchangerUITestsLaunchTests.swift */; };
/* End PBXBuildFile section */

/* Begin PBXContainerItemProxy section */
		1CE335342B4B5B3600CABBE2 /* PBXContainerItemProxy */ = {
			isa = PBXContainerItemProxy;
			containerPortal = 1CE3351B2B4B5B3500CABBE2 /* Project object */;
			proxyType = 1;
			remoteGlobalIDString = 1CE335222B4B5B3500CABBE2;
			remoteInfo = moneyXchanger;
		};
		1CE3353E2B4B5B3600CABBE2 /* PBXContainerItemProxy */ = {
			isa = PBXContainerItemProxy;
			containerPortal = 1CE3351B2B4B5B3500CABBE2 /* Project object */;
			proxyType = 1;
			remoteGlobalIDString = 1CE335222B4B5B3500CABBE2;
			remoteInfo = moneyXchanger;
		};
/* End PBXContainerItemProxy section */

/* Begin PBXFileReference section */
		1CE335232B4B5B3500CABBE2 /* moneyXchanger.app */ = {isa = PBXFileReference; explicitFileType = wrapper.application; includeInIndex = 0; path = moneyXchanger.app; sourceTree = BUILT_PRODUCTS_DIR; };
		1CE335262B4B5B3500CABBE2 /* moneyXchangerApp.swift */ = {isa = PBXFileReference; lastKnownFileType = sourcecode.swift; path = moneyXchangerApp.swift; sourceTree = "<group>"; };
		1CE335282B4B5B3500CABBE2 /* ContentView.swift */ = {isa = PBXFileReference; lastKnownFileType = sourcecode.swift; path = ContentView.swift; sourceTree = "<group>"; };
		1CE3352A2B4B5B3600CABBE2 /* Assets.xcassets */ = {isa = PBXFileReference; lastKnownFileType = folder.assetcatalog; path = Assets.xcassets; sourceTree = "<group>"; };
		1CE3352D2B4B5B3600CABBE2 /* Preview Assets.xcassets */ = {isa = PBXFileReference; lastKnownFileType = folder.assetcatalog; path = "Preview Assets.xcassets"; sourceTree = "<group>"; };
		1CE335332B4B5B3600CABBE2 /* moneyXchangerTests.xctest */ = {isa = PBXFileReference; explicitFileType = wrapper.cfbundle; includeInIndex = 0; path = moneyXchangerTests.xctest; sourceTree = BUILT_PRODUCTS_DIR; };
		1CE335372B4B5B3600CABBE2 /* moneyXchangerTests.swift */ = {isa = PBXFileReference; lastKnownFileType = sourcecode.swift; path = moneyXchangerTests.swift; sourceTree = "<group>"; };
		1CE3353D2B4B5B3600CABBE2 /* moneyXchangerUITests.xctest */ = {isa = PBXFileReference; explicitFileType = wrapper.cfbundle; includeInIndex = 0; path = moneyXchangerUITests.xctest; sourceTree = BUILT_PRODUCTS_DIR; };
		1CE335412B4B5B3600CABBE2 /* moneyXchangerUITests.swift */ = {isa = PBXFileReference; lastKnownFileType = sourcecode.swift; path = moneyXchangerUITests.swift; sourceTree = "<group>"; };
		1CE335432B4B5B3600CABBE2 /* moneyXchangerUITestsLaunchTests.swift */ = {isa = PBXFileReference; lastKnownFileType = sourcecode.swift; path = moneyXchangerUITestsLaunchTests.swift; sourceTree = "<group>"; };
/* End PBXFileReference section */

/* Begin PBXFrameworksBuildPhase section */
		1CE335202B4B5B3500CABBE2 /* Frameworks */ = {
			isa = PBXFrameworksBuildPhase;
			buildActionMask = 2147483647;
			files = (
				1CA9BAF52B4D2BA700EE2925 /* FlagKit in Frameworks */,
			);
			runOnlyForDeploymentPostprocessing = 0;
		};
		1CE335302B4B5B3600CABBE2 /* Frameworks */ = {
			isa = PBXFrameworksBuildPhase;
			buildActionMask = 2147483647;
			files = (
			);
			runOnlyForDeploymentPostprocessing = 0;
		};
		1CE3353A2B4B5B3600CABBE2 /* Frameworks */ = {
			isa = PBXFrameworksBuildPhase;
			buildActionMask = 2147483647;
			files = (
			);
			runOnlyForDeploymentPostprocessing = 0;
		};
/* End PBXFrameworksBuildPhase section */

/* Begin PBXGroup section */
		1CE3351A2B4B5B3500CABBE2 = {
			isa = PBXGroup;
			children = (
				1CE335252B4B5B3500CABBE2 /* moneyXchanger */,
				1CE335362B4B5B3600CABBE2 /* moneyXchangerTests */,
				1CE335402B4B5B3600CABBE2 /* moneyXchangerUITests */,
				1CE335242B4B5B3500CABBE2 /* Products */,
			);
			sourceTree = "<group>";
		};
		1CE335242B4B5B3500CABBE2 /* Products */ = {
			isa = PBXGroup;
			children = (
				1CE335232B4B5B3500CABBE2 /* moneyXchanger.app */,
				1CE335332B4B5B3600CABBE2 /* moneyXchangerTests.xctest */,
				1CE3353D2B4B5B3600CABBE2 /* moneyXchangerUITests.xctest */,
			);
			name = Products;
			sourceTree = "<group>";
		};
		1CE335252B4B5B3500CABBE2 /* moneyXchanger */ = {
			isa = PBXGroup;
			children = (
				1CE335262B4B5B3500CABBE2 /* moneyXchangerApp.swift */,
				1CE335282B4B5B3500CABBE2 /* ContentView.swift */,
				1CE3352A2B4B5B3600CABBE2 /* Assets.xcassets */,
				1CE3352C2B4B5B3600CABBE2 /* Preview Content */,
			);
			path = moneyXchanger;
			sourceTree = "<group>";
		};
		1CE3352C2B4B5B3600CABBE2 /* Preview Content */ = {
			isa = PBXGroup;
			children = (
				1CE3352D2B4B5B3600CABBE2 /* Preview Assets.xcassets */,
			);
			path = "Preview Content";
			sourceTree = "<group>";
		};
		1CE335362B4B5B3600CABBE2 /* moneyXchangerTests */ = {
			isa = PBXGroup;
			children = (
				1CE335372B4B5B3600CABBE2 /* moneyXchangerTests.swift */,
			);
			path = moneyXchangerTests;
			sourceTree = "<group>";
		};
		1CE335402B4B5B3600CABBE2 /* moneyXchangerUITests */ = {
			isa = PBXGroup;
			children = (
				1CE335412B4B5B3600CABBE2 /* moneyXchangerUITests.swift */,
				1CE335432B4B5B3600CABBE2 /* moneyXchangerUITestsLaunchTests.swift */,
			);
			path = moneyXchangerUITests;
			sourceTree = "<group>";
		};
/* End PBXGroup section */

/* Begin PBXNativeTarget section */
		1CE335222B4B5B3500CABBE2 /* moneyXchanger */ = {
			isa = PBXNativeTarget;
			buildConfigurationList = 1CE335472B4B5B3600CABBE2 /* Build configuration list for PBXNativeTarget "moneyXchanger" */;
			buildPhases = (
				1CE3351F2B4B5B3500CABBE2 /* Sources */,
				1CE335202B4B5B3500CABBE2 /* Frameworks */,
				1CE335212B4B5B3500CABBE2 /* Resources */,
			);
			buildRules = (
			);
			dependencies = (
			);
			name = moneyXchanger;
			packageProductDependencies = (
				1CA9BAF42B4D2BA700EE2925 /* FlagKit */,
			);
			productName = moneyXchanger;
			productReference = 1CE335232B4B5B3500CABBE2 /* moneyXchanger.app */;
			productType = "com.apple.product-type.application";
		};
		1CE335322B4B5B3600CABBE2 /* moneyXchangerTests */ = {
			isa = PBXNativeTarget;
			buildConfigurationList = 1CE3354A2B4B5B3600CABBE2 /* Build configuration list for PBXNativeTarget "moneyXchangerTests" */;
			buildPhases = (
				1CE3352F2B4B5B3600CABBE2 /* Sources */,
				1CE335302B4B5B3600CABBE2 /* Frameworks */,
				1CE335312B4B5B3600CABBE2 /* Resources */,
			);
			buildRules = (
			);
			dependencies = (
				1CE335352B4B5B3600CABBE2 /* PBXTargetDependency */,
			);
			name = moneyXchangerTests;
			productName = moneyXchangerTests;
			productReference = 1CE335332B4B5B3600CABBE2 /* moneyXchangerTests.xctest */;
			productType = "com.apple.product-type.bundle.unit-test";
		};
		1CE3353C2B4B5B3600CABBE2 /* moneyXchangerUITests */ = {
			isa = PBXNativeTarget;
			buildConfigurationList = 1CE3354D2B4B5B3600CABBE2 /* Build configuration list for PBXNativeTarget "moneyXchangerUITests" */;
			buildPhases = (
				1CE335392B4B5B3600CABBE2 /* Sources */,
				1CE3353A2B4B5B3600CABBE2 /* Frameworks */,
				1CE3353B2B4B5B3600CABBE2 /* Resources */,
			);
			buildRules = (
			);
			dependencies = (
				1CE3353F2B4B5B3600CABBE2 /* PBXTargetDependency */,
			);
			name = moneyXchangerUITests;
			productName = moneyXchangerUITests;
			productReference = 1CE3353D2B4B5B3600CABBE2 /* moneyXchangerUITests.xctest */;
			productType = "com.apple.product-type.bundle.ui-testing";
		};
/* End PBXNativeTarget section */

/* Begin PBXProject section */
		1CE3351B2B4B5B3500CABBE2 /* Project object */ = {
			isa = PBXProject;
			attributes = {
				BuildIndependentTargetsInParallel = 1;
				LastSwiftUpdateCheck = 1510;
				LastUpgradeCheck = 1510;
				TargetAttributes = {
					1CE335222B4B5B3500CABBE2 = {
						CreatedOnToolsVersion = 15.1;
					};
					1CE335322B4B5B3600CABBE2 = {
						CreatedOnToolsVersion = 15.1;
						TestTargetID = 1CE335222B4B5B3500CABBE2;
					};
					1CE3353C2B4B5B3600CABBE2 = {
						CreatedOnToolsVersion = 15.1;
						TestTargetID = 1CE335222B4B5B3500CABBE2;
					};
				};
			};
			buildConfigurationList = 1CE3351E2B4B5B3500CABBE2 /* Build configuration list for PBXProject "moneyXchanger" */;
			compatibilityVersion = "Xcode 14.0";
			developmentRegion = en;
			hasScannedForEncodings = 0;
			knownRegions = (
				en,
				Base,
			);
			mainGroup = 1CE3351A2B4B5B3500CABBE2;
			packageReferences = (
				1CA9BAF32B4D2BA700EE2925 /* XCRemoteSwiftPackageReference "FlagKit" */,
			);
			productRefGroup = 1CE335242B4B5B3500CABBE2 /* Products */;
			projectDirPath = "";
			projectRoot = "";
			targets = (
				1CE335222B4B5B3500CABBE2 /* moneyXchanger */,
				1CE335322B4B5B3600CABBE2 /* moneyXchangerTests */,
				1CE3353C2B4B5B3600CABBE2 /* moneyXchangerUITests */,
			);
		};
/* End PBXProject section */

/* Begin PBXResourcesBuildPhase section */
		1CE335212B4B5B3500CABBE2 /* Resources */ = {
			isa = PBXResourcesBuildPhase;
			buildActionMask = 2147483647;
			files = (
				1CE3352E2B4B5B3600CABBE2 /* Preview Assets.xcassets in Resources */,
				1CE3352B2B4B5B3600CABBE2 /* Assets.xcassets in Resources */,
			);
			runOnlyForDeploymentPostprocessing = 0;
		};
		1CE335312B4B5B3600CABBE2 /* Resources */ = {
			isa = PBXResourcesBuildPhase;
			buildActionMask = 2147483647;
			files = (
			);
			runOnlyForDeploymentPostprocessing = 0;
		};
		1CE3353B2B4B5B3600CABBE2 /* Resources */ = {
			isa = PBXResourcesBuildPhase;
			buildActionMask = 2147483647;
			files = (
			);
			runOnlyForDeploymentPostprocessing = 0;
		};
/* End PBXResourcesBuildPhase section */

/* Begin PBXSourcesBuildPhase section */
		1CE3351F2B4B5B3500CABBE2 /* Sources */ = {
			isa = PBXSourcesBuildPhase;
			buildActionMask = 2147483647;
			files = (
				1CE335292B4B5B3500CABBE2 /* ContentView.swift in Sources */,
				1CE335272B4B5B3500CABBE2 /* moneyXchangerApp.swift in Sources */,
			);
			runOnlyForDeploymentPostprocessing = 0;
		};
		1CE3352F2B4B5B3600CABBE2 /* Sources */ = {
			isa = PBXSourcesBuildPhase;
			buildActionMask = 2147483647;
			files = (
				1CE335382B4B5B3600CABBE2 /* moneyXchangerTests.swift in Sources */,
			);
			runOnlyForDeploymentPostprocessing = 0;
		};
		1CE335392B4B5B3600CABBE2 /* Sources */ = {
			isa = PBXSourcesBuildPhase;
			buildActionMask = 2147483647;
			files = (
				1CE335422B4B5B3600CABBE2 /* moneyXchangerUITests.swift in Sources */,
				1CE335442B4B5B3600CABBE2 /* moneyXchangerUITestsLaunchTests.swift in Sources */,
			);
			runOnlyForDeploymentPostprocessing = 0;
		};
/* End PBXSourcesBuildPhase section */

/* Begin PBXTargetDependency section */
		1CE335352B4B5B3600CABBE2 /* PBXTargetDependency */ = {
			isa = PBXTargetDependency;
			target = 1CE335222B4B5B3500CABBE2 /* moneyXchanger */;
			targetProxy = 1CE335342B4B5B3600CABBE2 /* PBXContainerItemProxy */;
		};
		1CE3353F2B4B5B3600CABBE2 /* PBXTargetDependency */ = {
			isa = PBXTargetDependency;
			target = 1CE335222B4B5B3500CABBE2 /* moneyXchanger */;
			targetProxy = 1CE3353E2B4B5B3600CABBE2 /* PBXContainerItemProxy */;
		};
/* End PBXTargetDependency section */

/* Begin XCBuildConfiguration section */
		1CE335452B4B5B3600CABBE2 /* Debug */ = {
			isa = XCBuildConfiguration;
			buildSettings = {
				ALWAYS_SEARCH_USER_PATHS = NO;
				ASSETCATALOG_COMPILER_GENERATE_SWIFT_ASSET_SYMBOL_EXTENSIONS = YES;
				CLANG_ANALYZER_NONNULL = YES;
				CLANG_ANALYZER_NUMBER_OBJECT_CONVERSION = YES_AGGRESSIVE;
				CLANG_CXX_LANGUAGE_STANDARD = "gnu++20";
				CLANG_ENABLE_MODULES = YES;
				CLANG_ENABLE_OBJC_ARC = YES;
				CLANG_ENABLE_OBJC_WEAK = YES;
				CLANG_WARN_BLOCK_CAPTURE_AUTORELEASING = YES;
				CLANG_WARN_BOOL_CONVERSION = YES;
				CLANG_WARN_COMMA = YES;
				CLANG_WARN_CONSTANT_CONVERSION = YES;
				CLANG_WARN_DEPRECATED_OBJC_IMPLEMENTATIONS = YES;
				CLANG_WARN_DIRECT_OBJC_ISA_USAGE = YES_ERROR;
				CLANG_WARN_DOCUMENTATION_COMMENTS = YES;
				CLANG_WARN_EMPTY_BODY = YES;
				CLANG_WARN_ENUM_CONVERSION = YES;
				CLANG_WARN_INFINITE_RECURSION = YES;
				CLANG_WARN_INT_CONVERSION = YES;
				CLANG_WARN_NON_LITERAL_NULL_CONVERSION = YES;
				CLANG_WARN_OBJC_IMPLICIT_RETAIN_SELF = YES;
				CLANG_WARN_OBJC_LITERAL_CONVERSION = YES;
				CLANG_WARN_OBJC_ROOT_CLASS = YES_ERROR;
				CLANG_WARN_QUOTED_INCLUDE_IN_FRAMEWORK_HEADER = YES;
				CLANG_WARN_RANGE_LOOP_ANALYSIS = YES;
				CLANG_WARN_STRICT_PROTOTYPES = YES;
				CLANG_WARN_SUSPICIOUS_MOVE = YES;
				CLANG_WARN_UNGUARDED_AVAILABILITY = YES_AGGRESSIVE;
				CLANG_WARN_UNREACHABLE_CODE = YES;
				CLANG_WARN__DUPLICATE_METHOD_MATCH = YES;
				COPY_PHASE_STRIP = NO;
				DEBUG_INFORMATION_FORMAT = dwarf;
				ENABLE_STRICT_OBJC_MSGSEND = YES;
				ENABLE_TESTABILITY = YES;
				ENABLE_USER_SCRIPT_SANDBOXING = YES;
				GCC_C_LANGUAGE_STANDARD = gnu17;
				GCC_DYNAMIC_NO_PIC = NO;
				GCC_NO_COMMON_BLOCKS = YES;
				GCC_OPTIMIZATION_LEVEL = 0;
				GCC_PREPROCESSOR_DEFINITIONS = (
					"DEBUG=1",
					"$(inherited)",
				);
				GCC_WARN_64_TO_32_BIT_CONVERSION = YES;
				GCC_WARN_ABOUT_RETURN_TYPE = YES_ERROR;
				GCC_WARN_UNDECLARED_SELECTOR = YES;
				GCC_WARN_UNINITIALIZED_AUTOS = YES_AGGRESSIVE;
				GCC_WARN_UNUSED_FUNCTION = YES;
				GCC_WARN_UNUSED_VARIABLE = YES;
				IPHONEOS_DEPLOYMENT_TARGET = 17.2;
				LOCALIZATION_PREFERS_STRING_CATALOGS = YES;
				MTL_ENABLE_DEBUG_INFO = INCLUDE_SOURCE;
				MTL_FAST_MATH = YES;
				ONLY_ACTIVE_ARCH = YES;
				SDKROOT = iphoneos;
				SWIFT_ACTIVE_COMPILATION_CONDITIONS = "DEBUG $(inherited)";
				SWIFT_OPTIMIZATION_LEVEL = "-Onone";
			};
			name = Debug;
		};
		1CE335462B4B5B3600CABBE2 /* Release */ = {
			isa = XCBuildConfiguration;
			buildSettings = {
				ALWAYS_SEARCH_USER_PATHS = NO;
				ASSETCATALOG_COMPILER_GENERATE_SWIFT_ASSET_SYMBOL_EXTENSIONS = YES;
				CLANG_ANALYZER_NONNULL = YES;
				CLANG_ANALYZER_NUMBER_OBJECT_CONVERSION = YES_AGGRESSIVE;
				CLANG_CXX_LANGUAGE_STANDARD = "gnu++20";
				CLANG_ENABLE_MODULES = YES;
				CLANG_ENABLE_OBJC_ARC = YES;
				CLANG_ENABLE_OBJC_WEAK = YES;
				CLANG_WARN_BLOCK_CAPTURE_AUTORELEASING = YES;
				CLANG_WARN_BOOL_CONVERSION = YES;
				CLANG_WARN_COMMA = YES;
				CLANG_WARN_CONSTANT_CONVERSION = YES;
				CLANG_WARN_DEPRECATED_OBJC_IMPLEMENTATIONS = YES;
				CLANG_WARN_DIRECT_OBJC_ISA_USAGE = YES_ERROR;
				CLANG_WARN_DOCUMENTATION_COMMENTS = YES;
				CLANG_WARN_EMPTY_BODY = YES;
				CLANG_WARN_ENUM_CONVERSION = YES;
				CLANG_WARN_INFINITE_RECURSION = YES;
				CLANG_WARN_INT_CONVERSION = YES;
				CLANG_WARN_NON_LITERAL_NULL_CONVERSION = YES;
				CLANG_WARN_OBJC_IMPLICIT_RETAIN_SELF = YES;
				CLANG_WARN_OBJC_LITERAL_CONVERSION = YES;
				CLANG_WARN_OBJC_ROOT_CLASS = YES_ERROR;
				CLANG_WARN_QUOTED_INCLUDE_IN_FRAMEWORK_HEADER = YES;
				CLANG_WARN_RANGE_LOOP_ANALYSIS = YES;
				CLANG_WARN_STRICT_PROTOTYPES = YES;
				CLANG_WARN_SUSPICIOUS_MOVE = YES;
				CLANG_WARN_UNGUARDED_AVAILABILITY = YES_AGGRESSIVE;
				CLANG_WARN_UNREACHABLE_CODE = YES;
				CLANG_WARN__DUPLICATE_METHOD_MATCH = YES;
				COPY_PHASE_STRIP = NO;
				DEBUG_INFORMATION_FORMAT = "dwarf-with-dsym";
				ENABLE_NS_ASSERTIONS = NO;
				ENABLE_STRICT_OBJC_MSGSEND = YES;
				ENABLE_USER_SCRIPT_SANDBOXING = YES;
				GCC_C_LANGUAGE_STANDARD = gnu17;
				GCC_NO_COMMON_BLOCKS = YES;
				GCC_WARN_64_TO_32_BIT_CONVERSION = YES;
				GCC_WARN_ABOUT_RETURN_TYPE = YES_ERROR;
				GCC_WARN_UNDECLARED_SELECTOR = YES;
				GCC_WARN_UNINITIALIZED_AUTOS = YES_AGGRESSIVE;
				GCC_WARN_UNUSED_FUNCTION = YES;
				GCC_WARN_UNUSED_VARIABLE = YES;
				IPHONEOS_DEPLOYMENT_TARGET = 17.2;
				LOCALIZATION_PREFERS_STRING_CATALOGS = YES;
				MTL_ENABLE_DEBUG_INFO = NO;
				MTL_FAST_MATH = YES;
				SDKROOT = iphoneos;
				SWIFT_COMPILATION_MODE = wholemodule;
				VALIDATE_PRODUCT = YES;
			};
			name = Release;
		};
		1CE335482B4B5B3600CABBE2 /* Debug */ = {
			isa = XCBuildConfiguration;
			buildSettings = {
				ASSETCATALOG_COMPILER_APPICON_NAME = AppIcon;
				ASSETCATALOG_COMPILER_GLOBAL_ACCENT_COLOR_NAME = AccentColor;
				CODE_SIGN_STYLE = Automatic;
				CURRENT_PROJECT_VERSION = 1;
				DEVELOPMENT_ASSET_PATHS = "\"moneyXchanger/Preview Content\"";
				DEVELOPMENT_TEAM = 4386S7QABL;
				ENABLE_PREVIEWS = YES;
				GENERATE_INFOPLIST_FILE = YES;
				INFOPLIST_KEY_UIApplicationSceneManifest_Generation = YES;
				INFOPLIST_KEY_UIApplicationSupportsIndirectInputEvents = YES;
				INFOPLIST_KEY_UILaunchScreen_Generation = YES;
				INFOPLIST_KEY_UISupportedInterfaceOrientations_iPad = "UIInterfaceOrientationPortrait UIInterfaceOrientationPortraitUpsideDown UIInterfaceOrientationLandscapeLeft UIInterfaceOrientationLandscapeRight";
				INFOPLIST_KEY_UISupportedInterfaceOrientations_iPhone = "UIInterfaceOrientationPortrait UIInterfaceOrientationLandscapeLeft UIInterfaceOrientationLandscapeRight";
				LD_RUNPATH_SEARCH_PATHS = (
					"$(inherited)",
					"@executable_path/Frameworks",
				);
				MARKETING_VERSION = 1.0;
				PRODUCT_BUNDLE_IDENTIFIER = com.romangurung.moneyXChanger.moneyXchanger;
				PRODUCT_NAME = "$(TARGET_NAME)";
				SWIFT_EMIT_LOC_STRINGS = YES;
				SWIFT_VERSION = 5.0;
				TARGETED_DEVICE_FAMILY = "1,2";
			};
			name = Debug;
		};
		1CE335492B4B5B3600CABBE2 /* Release */ = {
			isa = XCBuildConfiguration;
			buildSettings = {
				ASSETCATALOG_COMPILER_APPICON_NAME = AppIcon;
				ASSETCATALOG_COMPILER_GLOBAL_ACCENT_COLOR_NAME = AccentColor;
				CODE_SIGN_STYLE = Automatic;
				CURRENT_PROJECT_VERSION = 1;
				DEVELOPMENT_ASSET_PATHS = "\"moneyXchanger/Preview Content\"";
				DEVELOPMENT_TEAM = 4386S7QABL;
				ENABLE_PREVIEWS = YES;
				GENERATE_INFOPLIST_FILE = YES;
				INFOPLIST_KEY_UIApplicationSceneManifest_Generation = YES;
				INFOPLIST_KEY_UIApplicationSupportsIndirectInputEvents = YES;
				INFOPLIST_KEY_UILaunchScreen_Generation = YES;
				INFOPLIST_KEY_UISupportedInterfaceOrientations_iPad = "UIInterfaceOrientationPortrait UIInterfaceOrientationPortraitUpsideDown UIInterfaceOrientationLandscapeLeft UIInterfaceOrientationLandscapeRight";
				INFOPLIST_KEY_UISupportedInterfaceOrientations_iPhone = "UIInterfaceOrientationPortrait UIInterfaceOrientationLandscapeLeft UIInterfaceOrientationLandscapeRight";
				LD_RUNPATH_SEARCH_PATHS = (
					"$(inherited)",
					"@executable_path/Frameworks",
				);
				MARKETING_VERSION = 1.0;
				PRODUCT_BUNDLE_IDENTIFIER = com.romangurung.moneyXChanger.moneyXchanger;
				PRODUCT_NAME = "$(TARGET_NAME)";
				SWIFT_EMIT_LOC_STRINGS = YES;
				SWIFT_VERSION = 5.0;
				TARGETED_DEVICE_FAMILY = "1,2";
			};
			name = Release;
		};
		1CE3354B2B4B5B3600CABBE2 /* Debug */ = {
			isa = XCBuildConfiguration;
			buildSettings = {
				ALWAYS_EMBED_SWIFT_STANDARD_LIBRARIES = YES;
				BUNDLE_LOADER = "$(TEST_HOST)";
				CODE_SIGN_STYLE = Automatic;
				CURRENT_PROJECT_VERSION = 1;
				DEVELOPMENT_TEAM = 4386S7QABL;
				GENERATE_INFOPLIST_FILE = YES;
				IPHONEOS_DEPLOYMENT_TARGET = 17.2;
				MARKETING_VERSION = 1.0;
				PRODUCT_BUNDLE_IDENTIFIER = com.romangurung.moneyXChanger.moneyXchangerTests;
				PRODUCT_NAME = "$(TARGET_NAME)";
				SWIFT_EMIT_LOC_STRINGS = NO;
				SWIFT_VERSION = 5.0;
				TARGETED_DEVICE_FAMILY = "1,2";
				TEST_HOST = "$(BUILT_PRODUCTS_DIR)/moneyXchanger.app/$(BUNDLE_EXECUTABLE_FOLDER_PATH)/moneyXchanger";
			};
			name = Debug;
		};
		1CE3354C2B4B5B3600CABBE2 /* Release */ = {
			isa = XCBuildConfiguration;
			buildSettings = {
				ALWAYS_EMBED_SWIFT_STANDARD_LIBRARIES = YES;
				BUNDLE_LOADER = "$(TEST_HOST)";
				CODE_SIGN_STYLE = Automatic;
				CURRENT_PROJECT_VERSION = 1;
				DEVELOPMENT_TEAM = 4386S7QABL;
				GENERATE_INFOPLIST_FILE = YES;
				IPHONEOS_DEPLOYMENT_TARGET = 17.2;
				MARKETING_VERSION = 1.0;
				PRODUCT_BUNDLE_IDENTIFIER = com.romangurung.moneyXChanger.moneyXchangerTests;
				PRODUCT_NAME = "$(TARGET_NAME)";
				SWIFT_EMIT_LOC_STRINGS = NO;
				SWIFT_VERSION = 5.0;
				TARGETED_DEVICE_FAMILY = "1,2";
				TEST_HOST = "$(BUILT_PRODUCTS_DIR)/moneyXchanger.app/$(BUNDLE_EXECUTABLE_FOLDER_PATH)/moneyXchanger";
			};
			name = Release;
		};
		1CE3354E2B4B5B3600CABBE2 /* Debug */ = {
			isa = XCBuildConfiguration;
			buildSettings = {
				ALWAYS_EMBED_SWIFT_STANDARD_LIBRARIES = YES;
				CODE_SIGN_STYLE = Automatic;
				CURRENT_PROJECT_VERSION = 1;
				DEVELOPMENT_TEAM = 4386S7QABL;
				GENERATE_INFOPLIST_FILE = YES;
				MARKETING_VERSION = 1.0;
				PRODUCT_BUNDLE_IDENTIFIER = com.romangurung.moneyXChanger.moneyXchangerUITests;
				PRODUCT_NAME = "$(TARGET_NAME)";
				SWIFT_EMIT_LOC_STRINGS = NO;
				SWIFT_VERSION = 5.0;
				TARGETED_DEVICE_FAMILY = "1,2";
				TEST_TARGET_NAME = moneyXchanger;
			};
			name = Debug;
		};
		1CE3354F2B4B5B3600CABBE2 /* Release */ = {
			isa = XCBuildConfiguration;
			buildSettings = {
				ALWAYS_EMBED_SWIFT_STANDARD_LIBRARIES = YES;
				CODE_SIGN_STYLE = Automatic;
				CURRENT_PROJECT_VERSION = 1;
				DEVELOPMENT_TEAM = 4386S7QABL;
				GENERATE_INFOPLIST_FILE = YES;
				MARKETING_VERSION = 1.0;
				PRODUCT_BUNDLE_IDENTIFIER = com.romangurung.moneyXChanger.moneyXchangerUITests;
				PRODUCT_NAME = "$(TARGET_NAME)";
				SWIFT_EMIT_LOC_STRINGS = NO;
				SWIFT_VERSION = 5.0;
				TARGETED_DEVICE_FAMILY = "1,2";
				TEST_TARGET_NAME = moneyXchanger;
			};
			name = Release;
		};
/* End XCBuildConfiguration section */

/* Begin XCConfigurationList section */
		1CE3351E2B4B5B3500CABBE2 /* Build configuration list for PBXProject "moneyXchanger" */ = {
			isa = XCConfigurationList;
			buildConfigurations = (
				1CE335452B4B5B3600CABBE2 /* Debug */,
				1CE335462B4B5B3600CABBE2 /* Release */,
			);
			defaultConfigurationIsVisible = 0;
			defaultConfigurationName = Release;
		};
		1CE335472B4B5B3600CABBE2 /* Build configuration list for PBXNativeTarget "moneyXchanger" */ = {
			isa = XCConfigurationList;
			buildConfigurations = (
				1CE335482B4B5B3600CABBE2 /* Debug */,
				1CE335492B4B5B3600CABBE2 /* Release */,
			);
			defaultConfigurationIsVisible = 0;
			defaultConfigurationName = Release;
		};
		1CE3354A2B4B5B3600CABBE2 /* Build configuration list for PBXNativeTarget "moneyXchangerTests" */ = {
			isa = XCConfigurationList;
			buildConfigurations = (
				1CE3354B2B4B5B3600CABBE2 /* Debug */,
				1CE3354C2B4B5B3600CABBE2 /* Release */,
			);
			defaultConfigurationIsVisible = 0;
			defaultConfigurationName = Release;
		};
		1CE3354D2B4B5B3600CABBE2 /* Build configuration list for PBXNativeTarget "moneyXchangerUITests" */ = {
			isa = XCConfigurationList;
			buildConfigurations = (
				1CE3354E2B4B5B3600CABBE2 /* Debug */,
				1CE3354F2B4B5B3600CABBE2 /* Release */,
			);
			defaultConfigurationIsVisible = 0;
			defaultConfigurationName = Release;
		};
/* End XCConfigurationList section */

/* Begin XCRemoteSwiftPackageReference section */
		1CA9BAF32B4D2BA700EE2925 /* XCRemoteSwiftPackageReference "FlagKit" */ = {
			isa = XCRemoteSwiftPackageReference;
			repositoryURL = "https://github.com/madebybowtie/FlagKit.git";
			requirement = {
				kind = upToNextMajorVersion;
				minimumVersion = 2.4.0;
			};
		};
/* End XCRemoteSwiftPackageReference section */

/* Begin XCSwiftPackageProductDependency section */
		1CA9BAF42B4D2BA700EE2925 /* FlagKit */ = {
			isa = XCSwiftPackageProductDependency;
			package = 1CA9BAF32B4D2BA700EE2925 /* XCRemoteSwiftPackageReference "FlagKit" */;
			productName = FlagKit;
		};
/* End XCSwiftPackageProductDependency section */
	};
	rootObject = 1CE3351B2B4B5B3500CABBE2 /* Project object */;
}
