// !$*UTF8*$!
{
	archiveVersion = 1;
	classes = {
	};
	objectVersion = 56;
	objects = {

/* Begin PBXBuildFile section */
		1C11BB672B947778004DE9C1 /* RequestProtocol.swift in Sources */ = {isa = PBXBuildFile; fileRef = 1C11BB662B947778004DE9C1 /* RequestProtocol.swift */; };
		1C11BB692B947864004DE9C1 /* RequestMethod.swift in Sources */ = {isa = PBXBuildFile; fileRef = 1C11BB682B947864004DE9C1 /* RequestMethod.swift */; };
		1C6931032B98544A00B8FD6D /* CurrencyView.swift in Sources */ = {isa = PBXBuildFile; fileRef = 1C6931022B98544A00B8FD6D /* CurrencyView.swift */; };
		1C6931052B98551F00B8FD6D /* CurrencyChangeButton.swift in Sources */ = {isa = PBXBuildFile; fileRef = 1C6931042B98551F00B8FD6D /* CurrencyChangeButton.swift */; };
		1C6CB2842B9D94B30085A608 /* CurrencyConverter.swift in Sources */ = {isa = PBXBuildFile; fileRef = 1C6CB2832B9D94B30085A608 /* CurrencyConverter.swift */; };
		1C6CB2862B9D9BB10085A608 /* Country.swift in Sources */ = {isa = PBXBuildFile; fileRef = 1C6CB2852B9D9BB10085A608 /* Country.swift */; };
		1C6D935D2B950B940044A779 /* NetworkError.swift in Sources */ = {isa = PBXBuildFile; fileRef = 1C6D935C2B950B940044A779 /* NetworkError.swift */; };
		1C6D935F2B959C320044A779 /* DataParser.swift in Sources */ = {isa = PBXBuildFile; fileRef = 1C6D935E2B959C320044A779 /* DataParser.swift */; };
		1C6D93622B95A11A0044A779 /* AccessTokenManager.swift in Sources */ = {isa = PBXBuildFile; fileRef = 1C6D93612B95A11A0044A779 /* AccessTokenManager.swift */; };
		1C6D93652B95A17B0044A779 /* APIToken.swift in Sources */ = {isa = PBXBuildFile; fileRef = 1C6D93642B95A17B0044A779 /* APIToken.swift */; };
		1C6D93672B95A2920044A779 /* AuthTokenRequest.swift in Sources */ = {isa = PBXBuildFile; fileRef = 1C6D93662B95A2920044A779 /* AuthTokenRequest.swift */; };
		1C6D93692B95A7C30044A779 /* AppUserDefaultsKeys.swift in Sources */ = {isa = PBXBuildFile; fileRef = 1C6D93682B95A7C30044A779 /* AppUserDefaultsKeys.swift */; };
		1C6D936B2B95A9FA0044A779 /* NetworkManager.swift in Sources */ = {isa = PBXBuildFile; fileRef = 1C6D936A2B95A9FA0044A779 /* NetworkManager.swift */; };
		1C6D936D2B95B0240044A779 /* RequestManager.swift in Sources */ = {isa = PBXBuildFile; fileRef = 1C6D936C2B95B0240044A779 /* RequestManager.swift */; };
		1C6D93702B95B6360044A779 /* OpenExchangeRatesService.swift in Sources */ = {isa = PBXBuildFile; fileRef = 1C6D936F2B95B6360044A779 /* OpenExchangeRatesService.swift */; };
		1C6D93722B95B68E0044A779 /* OpenExchangeRatesProvider.swift in Sources */ = {isa = PBXBuildFile; fileRef = 1C6D93712B95B68E0044A779 /* OpenExchangeRatesProvider.swift */; };
		1C6D93752B95BC340044A779 /* LatestExchangeRatesResponse.swift in Sources */ = {isa = PBXBuildFile; fileRef = 1C6D93742B95BC340044A779 /* LatestExchangeRatesResponse.swift */; };
		1C71CCA22B9E48040079117A /* Country+CountryCode.swift in Sources */ = {isa = PBXBuildFile; fileRef = 1C71CCA12B9E48040079117A /* Country+CountryCode.swift */; };
		1C71CCA42B9E48420079117A /* Country+CurrencyName.swift in Sources */ = {isa = PBXBuildFile; fileRef = 1C71CCA32B9E48420079117A /* Country+CurrencyName.swift */; };
		1C71CCA62B9E48680079117A /* Country+CurrencyCode.swift in Sources */ = {isa = PBXBuildFile; fileRef = 1C71CCA52B9E48680079117A /* Country+CurrencyCode.swift */; };
		1CE335272B4B5B3500CABBE2 /* MoneyXchangerApp.swift in Sources */ = {isa = PBXBuildFile; fileRef = 1CE335262B4B5B3500CABBE2 /* MoneyXchangerApp.swift */; };
		1CE335292B4B5B3500CABBE2 /* ContentView.swift in Sources */ = {isa = PBXBuildFile; fileRef = 1CE335282B4B5B3500CABBE2 /* ContentView.swift */; };
		1CE3352B2B4B5B3600CABBE2 /* Assets.xcassets in Resources */ = {isa = PBXBuildFile; fileRef = 1CE3352A2B4B5B3600CABBE2 /* Assets.xcassets */; };
		1CE3352E2B4B5B3600CABBE2 /* Preview Assets.xcassets in Resources */ = {isa = PBXBuildFile; fileRef = 1CE3352D2B4B5B3600CABBE2 /* Preview Assets.xcassets */; };
		1CE335382B4B5B3600CABBE2 /* MoneyXchangerTests.swift in Sources */ = {isa = PBXBuildFile; fileRef = 1CE335372B4B5B3600CABBE2 /* MoneyXchangerTests.swift */; };
		1CE335422B4B5B3600CABBE2 /* MoneyXchangerUITests.swift in Sources */ = {isa = PBXBuildFile; fileRef = 1CE335412B4B5B3600CABBE2 /* MoneyXchangerUITests.swift */; };
		1CE335442B4B5B3600CABBE2 /* MoneyXchangerUITestsLaunchTests.swift in Sources */ = {isa = PBXBuildFile; fileRef = 1CE335432B4B5B3600CABBE2 /* MoneyXchangerUITestsLaunchTests.swift */; };
/* End PBXBuildFile section */

/* Begin PBXContainerItemProxy section */
		1CE335342B4B5B3600CABBE2 /* PBXContainerItemProxy */ = {
			isa = PBXContainerItemProxy;
			containerPortal = 1CE3351B2B4B5B3500CABBE2 /* Project object */;
			proxyType = 1;
			remoteGlobalIDString = 1CE335222B4B5B3500CABBE2;
			remoteInfo = moneyXchanger;
		};
		1CE3353E2B4B5B3600CABBE2 /* PBXContainerItemProxy */ = {
			isa = PBXContainerItemProxy;
			containerPortal = 1CE3351B2B4B5B3500CABBE2 /* Project object */;
			proxyType = 1;
			remoteGlobalIDString = 1CE335222B4B5B3500CABBE2;
			remoteInfo = moneyXchanger;
		};
/* End PBXContainerItemProxy section */

/* Begin PBXFileReference section */
		1C11BB642B945A3C004DE9C1 /* Config.xcconfig */ = {isa = PBXFileReference; lastKnownFileType = text.xcconfig; path = Config.xcconfig; sourceTree = SOURCE_ROOT; };
		1C11BB652B945C21004DE9C1 /* Info.plist */ = {isa = PBXFileReference; lastKnownFileType = text.plist; path = Info.plist; sourceTree = "<group>"; };
		1C11BB662B947778004DE9C1 /* RequestProtocol.swift */ = {isa = PBXFileReference; lastKnownFileType = sourcecode.swift; path = RequestProtocol.swift; sourceTree = "<group>"; };
		1C11BB682B947864004DE9C1 /* RequestMethod.swift */ = {isa = PBXFileReference; lastKnownFileType = sourcecode.swift; path = RequestMethod.swift; sourceTree = "<group>"; };
		1C6931022B98544A00B8FD6D /* CurrencyView.swift */ = {isa = PBXFileReference; lastKnownFileType = sourcecode.swift; path = CurrencyView.swift; sourceTree = "<group>"; };
		1C6931042B98551F00B8FD6D /* CurrencyChangeButton.swift */ = {isa = PBXFileReference; lastKnownFileType = sourcecode.swift; path = CurrencyChangeButton.swift; sourceTree = "<group>"; };
		1C6CB2832B9D94B30085A608 /* CurrencyConverter.swift */ = {isa = PBXFileReference; lastKnownFileType = sourcecode.swift; path = CurrencyConverter.swift; sourceTree = "<group>"; };
		1C6CB2852B9D9BB10085A608 /* Country.swift */ = {isa = PBXFileReference; lastKnownFileType = sourcecode.swift; path = Country.swift; sourceTree = "<group>"; };
		1C6D935C2B950B940044A779 /* NetworkError.swift */ = {isa = PBXFileReference; lastKnownFileType = sourcecode.swift; path = NetworkError.swift; sourceTree = "<group>"; };
		1C6D935E2B959C320044A779 /* DataParser.swift */ = {isa = PBXFileReference; lastKnownFileType = sourcecode.swift; path = DataParser.swift; sourceTree = "<group>"; };
		1C6D93612B95A11A0044A779 /* AccessTokenManager.swift */ = {isa = PBXFileReference; lastKnownFileType = sourcecode.swift; path = AccessTokenManager.swift; sourceTree = "<group>"; };
		1C6D93642B95A17B0044A779 /* APIToken.swift */ = {isa = PBXFileReference; lastKnownFileType = sourcecode.swift; path = APIToken.swift; sourceTree = "<group>"; };
		1C6D93662B95A2920044A779 /* AuthTokenRequest.swift */ = {isa = PBXFileReference; lastKnownFileType = sourcecode.swift; path = AuthTokenRequest.swift; sourceTree = "<group>"; };
		1C6D93682B95A7C30044A779 /* AppUserDefaultsKeys.swift */ = {isa = PBXFileReference; lastKnownFileType = sourcecode.swift; path = AppUserDefaultsKeys.swift; sourceTree = "<group>"; };
		1C6D936A2B95A9FA0044A779 /* NetworkManager.swift */ = {isa = PBXFileReference; lastKnownFileType = sourcecode.swift; path = NetworkManager.swift; sourceTree = "<group>"; };
		1C6D936C2B95B0240044A779 /* RequestManager.swift */ = {isa = PBXFileReference; lastKnownFileType = sourcecode.swift; path = RequestManager.swift; sourceTree = "<group>"; };
		1C6D936F2B95B6360044A779 /* OpenExchangeRatesService.swift */ = {isa = PBXFileReference; lastKnownFileType = sourcecode.swift; path = OpenExchangeRatesService.swift; sourceTree = "<group>"; };
		1C6D93712B95B68E0044A779 /* OpenExchangeRatesProvider.swift */ = {isa = PBXFileReference; lastKnownFileType = sourcecode.swift; path = OpenExchangeRatesProvider.swift; sourceTree = "<group>"; };
		1C6D93742B95BC340044A779 /* LatestExchangeRatesResponse.swift */ = {isa = PBXFileReference; lastKnownFileType = sourcecode.swift; path = LatestExchangeRatesResponse.swift; sourceTree = "<group>"; };
		1C71CCA12B9E48040079117A /* Country+CountryCode.swift */ = {isa = PBXFileReference; lastKnownFileType = sourcecode.swift; path = "Country+CountryCode.swift"; sourceTree = "<group>"; };
		1C71CCA32B9E48420079117A /* Country+CurrencyName.swift */ = {isa = PBXFileReference; lastKnownFileType = sourcecode.swift; path = "Country+CurrencyName.swift"; sourceTree = "<group>"; };
		1C71CCA52B9E48680079117A /* Country+CurrencyCode.swift */ = {isa = PBXFileReference; lastKnownFileType = sourcecode.swift; path = "Country+CurrencyCode.swift"; sourceTree = "<group>"; };
		1CE335232B4B5B3500CABBE2 /* moneyXchanger.app */ = {isa = PBXFileReference; explicitFileType = wrapper.application; includeInIndex = 0; path = moneyXchanger.app; sourceTree = BUILT_PRODUCTS_DIR; };
		1CE335262B4B5B3500CABBE2 /* MoneyXchangerApp.swift */ = {isa = PBXFileReference; lastKnownFileType = sourcecode.swift; path = MoneyXchangerApp.swift; sourceTree = "<group>"; };
		1CE335282B4B5B3500CABBE2 /* ContentView.swift */ = {isa = PBXFileReference; lastKnownFileType = sourcecode.swift; path = ContentView.swift; sourceTree = "<group>"; };
		1CE3352A2B4B5B3600CABBE2 /* Assets.xcassets */ = {isa = PBXFileReference; lastKnownFileType = folder.assetcatalog; path = Assets.xcassets; sourceTree = "<group>"; };
		1CE3352D2B4B5B3600CABBE2 /* Preview Assets.xcassets */ = {isa = PBXFileReference; lastKnownFileType = folder.assetcatalog; path = "Preview Assets.xcassets"; sourceTree = "<group>"; };
		1CE335332B4B5B3600CABBE2 /* moneyXchangerTests.xctest */ = {isa = PBXFileReference; explicitFileType = wrapper.cfbundle; includeInIndex = 0; path = moneyXchangerTests.xctest; sourceTree = BUILT_PRODUCTS_DIR; };
		1CE335372B4B5B3600CABBE2 /* MoneyXchangerTests.swift */ = {isa = PBXFileReference; lastKnownFileType = sourcecode.swift; path = MoneyXchangerTests.swift; sourceTree = "<group>"; };
		1CE3353D2B4B5B3600CABBE2 /* moneyXchangerUITests.xctest */ = {isa = PBXFileReference; explicitFileType = wrapper.cfbundle; includeInIndex = 0; path = moneyXchangerUITests.xctest; sourceTree = BUILT_PRODUCTS_DIR; };
		1CE335412B4B5B3600CABBE2 /* MoneyXchangerUITests.swift */ = {isa = PBXFileReference; lastKnownFileType = sourcecode.swift; path = MoneyXchangerUITests.swift; sourceTree = "<group>"; };
		1CE335432B4B5B3600CABBE2 /* MoneyXchangerUITestsLaunchTests.swift */ = {isa = PBXFileReference; lastKnownFileType = sourcecode.swift; path = MoneyXchangerUITestsLaunchTests.swift; sourceTree = "<group>"; };
/* End PBXFileReference section */

/* Begin PBXFrameworksBuildPhase section */
		1CE335202B4B5B3500CABBE2 /* Frameworks */ = {
			isa = PBXFrameworksBuildPhase;
			buildActionMask = 2147483647;
			files = (
			);
			runOnlyForDeploymentPostprocessing = 0;
		};
		1CE335302B4B5B3600CABBE2 /* Frameworks */ = {
			isa = PBXFrameworksBuildPhase;
			buildActionMask = 2147483647;
			files = (
			);
			runOnlyForDeploymentPostprocessing = 0;
		};
		1CE3353A2B4B5B3600CABBE2 /* Frameworks */ = {
			isa = PBXFrameworksBuildPhase;
			buildActionMask = 2147483647;
			files = (
			);
			runOnlyForDeploymentPostprocessing = 0;
		};
/* End PBXFrameworksBuildPhase section */

/* Begin PBXGroup section */
		1C11BB632B8C0843004DE9C1 /* Network */ = {
			isa = PBXGroup;
			children = (
				1C6D936E2B95B60F0044A779 /* OpenExchangeRatesClient */,
				1C11BB662B947778004DE9C1 /* RequestProtocol.swift */,
				1C11BB682B947864004DE9C1 /* RequestMethod.swift */,
				1C6D935C2B950B940044A779 /* NetworkError.swift */,
				1C6D935E2B959C320044A779 /* DataParser.swift */,
				1C6D936A2B95A9FA0044A779 /* NetworkManager.swift */,
				1C6D936C2B95B0240044A779 /* RequestManager.swift */,
			);
			path = Network;
			sourceTree = "<group>";
		};
		1C6931002B9852BB00B8FD6D /* Views */ = {
			isa = PBXGroup;
			children = (
				1C6931022B98544A00B8FD6D /* CurrencyView.swift */,
				1C6931042B98551F00B8FD6D /* CurrencyChangeButton.swift */,
			);
			path = Views;
			sourceTree = "<group>";
		};
		1C6931012B9852DE00B8FD6D /* Screens */ = {
			isa = PBXGroup;
			children = (
				1C6CB2832B9D94B30085A608 /* CurrencyConverter.swift */,
			);
			path = Screens;
			sourceTree = "<group>";
		};
		1C6D93602B95A0340044A779 /* Token */ = {
			isa = PBXGroup;
			children = (
				1C6D93632B95A1620044A779 /* Model */,
				1C6D93612B95A11A0044A779 /* AccessTokenManager.swift */,
				1C6D93662B95A2920044A779 /* AuthTokenRequest.swift */,
				1C6D93682B95A7C30044A779 /* AppUserDefaultsKeys.swift */,
			);
			path = Token;
			sourceTree = "<group>";
		};
		1C6D93632B95A1620044A779 /* Model */ = {
			isa = PBXGroup;
			children = (
				1C6D93642B95A17B0044A779 /* APIToken.swift */,
			);
			path = Model;
			sourceTree = "<group>";
		};
		1C6D936E2B95B60F0044A779 /* OpenExchangeRatesClient */ = {
			isa = PBXGroup;
			children = (
				1C6D93732B95BBEB0044A779 /* Model */,
				1C6D936F2B95B6360044A779 /* OpenExchangeRatesService.swift */,
				1C6D93712B95B68E0044A779 /* OpenExchangeRatesProvider.swift */,
			);
			path = OpenExchangeRatesClient;
			sourceTree = "<group>";
		};
		1C6D93732B95BBEB0044A779 /* Model */ = {
			isa = PBXGroup;
			children = (
				1C6D93742B95BC340044A779 /* LatestExchangeRatesResponse.swift */,
			);
			path = Model;
			sourceTree = "<group>";
		};
		1C71CCA02B9E47D70079117A /* Model */ = {
			isa = PBXGroup;
			children = (
				1C6CB2852B9D9BB10085A608 /* Country.swift */,
				1C71CCA12B9E48040079117A /* Country+CountryCode.swift */,
				1C71CCA32B9E48420079117A /* Country+CurrencyName.swift */,
				1C71CCA52B9E48680079117A /* Country+CurrencyCode.swift */,
			);
			path = Model;
			sourceTree = "<group>";
		};
		1CE3351A2B4B5B3500CABBE2 = {
			isa = PBXGroup;
			children = (
				1CE335252B4B5B3500CABBE2 /* moneyXchanger */,
				1CE335362B4B5B3600CABBE2 /* moneyXchangerTests */,
				1CE335402B4B5B3600CABBE2 /* moneyXchangerUITests */,
				1CE335242B4B5B3500CABBE2 /* Products */,
			);
			sourceTree = "<group>";
		};
		1CE335242B4B5B3500CABBE2 /* Products */ = {
			isa = PBXGroup;
			children = (
				1CE335232B4B5B3500CABBE2 /* moneyXchanger.app */,
				1CE335332B4B5B3600CABBE2 /* moneyXchangerTests.xctest */,
				1CE3353D2B4B5B3600CABBE2 /* moneyXchangerUITests.xctest */,
			);
			name = Products;
			sourceTree = "<group>";
		};
		1CE335252B4B5B3500CABBE2 /* moneyXchanger */ = {
			isa = PBXGroup;
			children = (
				1C71CCA02B9E47D70079117A /* Model */,
				1C6931012B9852DE00B8FD6D /* Screens */,
				1C6931002B9852BB00B8FD6D /* Views */,
				1C11BB652B945C21004DE9C1 /* Info.plist */,
				1C11BB642B945A3C004DE9C1 /* Config.xcconfig */,
				1C6D93602B95A0340044A779 /* Token */,
				1C11BB632B8C0843004DE9C1 /* Network */,
				1CE335262B4B5B3500CABBE2 /* MoneyXchangerApp.swift */,
				1CE335282B4B5B3500CABBE2 /* ContentView.swift */,
				1CE3352A2B4B5B3600CABBE2 /* Assets.xcassets */,
				1CE3352C2B4B5B3600CABBE2 /* Preview Content */,
			);
			path = moneyXchanger;
			sourceTree = "<group>";
		};
		1CE3352C2B4B5B3600CABBE2 /* Preview Content */ = {
			isa = PBXGroup;
			children = (
				1CE3352D2B4B5B3600CABBE2 /* Preview Assets.xcassets */,
			);
			path = "Preview Content";
			sourceTree = "<group>";
		};
		1CE335362B4B5B3600CABBE2 /* moneyXchangerTests */ = {
			isa = PBXGroup;
			children = (
				1CE335372B4B5B3600CABBE2 /* MoneyXchangerTests.swift */,
			);
			path = moneyXchangerTests;
			sourceTree = "<group>";
		};
		1CE335402B4B5B3600CABBE2 /* moneyXchangerUITests */ = {
			isa = PBXGroup;
			children = (
				1CE335412B4B5B3600CABBE2 /* MoneyXchangerUITests.swift */,
				1CE335432B4B5B3600CABBE2 /* MoneyXchangerUITestsLaunchTests.swift */,
			);
			path = moneyXchangerUITests;
			sourceTree = "<group>";
		};
/* End PBXGroup section */

/* Begin PBXNativeTarget section */
		1CE335222B4B5B3500CABBE2 /* moneyXchanger */ = {
			isa = PBXNativeTarget;
			buildConfigurationList = 1CE335472B4B5B3600CABBE2 /* Build configuration list for PBXNativeTarget "moneyXchanger" */;
			buildPhases = (
				1CE3351F2B4B5B3500CABBE2 /* Sources */,
				1CE335202B4B5B3500CABBE2 /* Frameworks */,
				1CE335212B4B5B3500CABBE2 /* Resources */,
				1C6F331A2B54E6DF00FB938D /* SwiftLint */,
			);
			buildRules = (
			);
			dependencies = (
			);
			name = moneyXchanger;
			packageProductDependencies = (
			);
			productName = moneyXchanger;
			productReference = 1CE335232B4B5B3500CABBE2 /* moneyXchanger.app */;
			productType = "com.apple.product-type.application";
		};
		1CE335322B4B5B3600CABBE2 /* moneyXchangerTests */ = {
			isa = PBXNativeTarget;
			buildConfigurationList = 1CE3354A2B4B5B3600CABBE2 /* Build configuration list for PBXNativeTarget "moneyXchangerTests" */;
			buildPhases = (
				1CE3352F2B4B5B3600CABBE2 /* Sources */,
				1CE335302B4B5B3600CABBE2 /* Frameworks */,
				1CE335312B4B5B3600CABBE2 /* Resources */,
			);
			buildRules = (
			);
			dependencies = (
				1CE335352B4B5B3600CABBE2 /* PBXTargetDependency */,
			);
			name = moneyXchangerTests;
			productName = moneyXchangerTests;
			productReference = 1CE335332B4B5B3600CABBE2 /* moneyXchangerTests.xctest */;
			productType = "com.apple.product-type.bundle.unit-test";
		};
		1CE3353C2B4B5B3600CABBE2 /* moneyXchangerUITests */ = {
			isa = PBXNativeTarget;
			buildConfigurationList = 1CE3354D2B4B5B3600CABBE2 /* Build configuration list for PBXNativeTarget "moneyXchangerUITests" */;
			buildPhases = (
				1CE335392B4B5B3600CABBE2 /* Sources */,
				1CE3353A2B4B5B3600CABBE2 /* Frameworks */,
				1CE3353B2B4B5B3600CABBE2 /* Resources */,
			);
			buildRules = (
			);
			dependencies = (
				1CE3353F2B4B5B3600CABBE2 /* PBXTargetDependency */,
			);
			name = moneyXchangerUITests;
			productName = moneyXchangerUITests;
			productReference = 1CE3353D2B4B5B3600CABBE2 /* moneyXchangerUITests.xctest */;
			productType = "com.apple.product-type.bundle.ui-testing";
		};
/* End PBXNativeTarget section */

/* Begin PBXProject section */
		1CE3351B2B4B5B3500CABBE2 /* Project object */ = {
			isa = PBXProject;
			attributes = {
				BuildIndependentTargetsInParallel = 1;
				LastSwiftUpdateCheck = 1510;
				LastUpgradeCheck = 1510;
				TargetAttributes = {
					1CE335222B4B5B3500CABBE2 = {
						CreatedOnToolsVersion = 15.1;
					};
					1CE335322B4B5B3600CABBE2 = {
						CreatedOnToolsVersion = 15.1;
						TestTargetID = 1CE335222B4B5B3500CABBE2;
					};
					1CE3353C2B4B5B3600CABBE2 = {
						CreatedOnToolsVersion = 15.1;
						TestTargetID = 1CE335222B4B5B3500CABBE2;
					};
				};
			};
			buildConfigurationList = 1CE3351E2B4B5B3500CABBE2 /* Build configuration list for PBXProject "moneyXchanger" */;
			compatibilityVersion = "Xcode 14.0";
			developmentRegion = en;
			hasScannedForEncodings = 0;
			knownRegions = (
				en,
				Base,
			);
			mainGroup = 1CE3351A2B4B5B3500CABBE2;
			packageReferences = (
			);
			productRefGroup = 1CE335242B4B5B3500CABBE2 /* Products */;
			projectDirPath = "";
			projectRoot = "";
			targets = (
				1CE335222B4B5B3500CABBE2 /* moneyXchanger */,
				1CE335322B4B5B3600CABBE2 /* moneyXchangerTests */,
				1CE3353C2B4B5B3600CABBE2 /* moneyXchangerUITests */,
			);
		};
/* End PBXProject section */

/* Begin PBXResourcesBuildPhase section */
		1CE335212B4B5B3500CABBE2 /* Resources */ = {
			isa = PBXResourcesBuildPhase;
			buildActionMask = 2147483647;
			files = (
				1CE3352E2B4B5B3600CABBE2 /* Preview Assets.xcassets in Resources */,
				1CE3352B2B4B5B3600CABBE2 /* Assets.xcassets in Resources */,
			);
			runOnlyForDeploymentPostprocessing = 0;
		};
		1CE335312B4B5B3600CABBE2 /* Resources */ = {
			isa = PBXResourcesBuildPhase;
			buildActionMask = 2147483647;
			files = (
			);
			runOnlyForDeploymentPostprocessing = 0;
		};
		1CE3353B2B4B5B3600CABBE2 /* Resources */ = {
			isa = PBXResourcesBuildPhase;
			buildActionMask = 2147483647;
			files = (
			);
			runOnlyForDeploymentPostprocessing = 0;
		};
/* End PBXResourcesBuildPhase section */

/* Begin PBXShellScriptBuildPhase section */
		1C6F331A2B54E6DF00FB938D /* SwiftLint */ = {
			isa = PBXShellScriptBuildPhase;
			buildActionMask = 2147483647;
			files = (
			);
			inputFileListPaths = (
			);
			inputPaths = (
			);
			name = SwiftLint;
			outputFileListPaths = (
			);
			outputPaths = (
			);
			runOnlyForDeploymentPostprocessing = 0;
			shellPath = /bin/sh;
			shellScript = "if [[ \"$(uname -m)\" == arm64 ]]; then\n    export PATH=\"/opt/homebrew/bin:$PATH\"\nfi\n\nif which swiftlint > /dev/null; then\n  swiftlint\nelse\n  echo \"warning: SwiftLint not installed, download from https://github.com/realm/SwiftLint\"\nfi\n";
		};
/* End PBXShellScriptBuildPhase section */

/* Begin PBXSourcesBuildPhase section */
		1CE3351F2B4B5B3500CABBE2 /* Sources */ = {
			isa = PBXSourcesBuildPhase;
			buildActionMask = 2147483647;
			files = (
				1C71CCA62B9E48680079117A /* Country+CurrencyCode.swift in Sources */,
				1C6D93702B95B6360044A779 /* OpenExchangeRatesService.swift in Sources */,
				1C11BB692B947864004DE9C1 /* RequestMethod.swift in Sources */,
				1C71CCA42B9E48420079117A /* Country+CurrencyName.swift in Sources */,
				1C6D93672B95A2920044A779 /* AuthTokenRequest.swift in Sources */,
				1C6931032B98544A00B8FD6D /* CurrencyView.swift in Sources */,
				1C6D93692B95A7C30044A779 /* AppUserDefaultsKeys.swift in Sources */,
				1C6D936D2B95B0240044A779 /* RequestManager.swift in Sources */,
				1C6D93722B95B68E0044A779 /* OpenExchangeRatesProvider.swift in Sources */,
				1C6D93752B95BC340044A779 /* LatestExchangeRatesResponse.swift in Sources */,
				1C6931052B98551F00B8FD6D /* CurrencyChangeButton.swift in Sources */,
				1C6CB2842B9D94B30085A608 /* CurrencyConverter.swift in Sources */,
				1C6CB2862B9D9BB10085A608 /* Country.swift in Sources */,
				1C11BB672B947778004DE9C1 /* RequestProtocol.swift in Sources */,
				1C6D936B2B95A9FA0044A779 /* NetworkManager.swift in Sources */,
				1C6D935F2B959C320044A779 /* DataParser.swift in Sources */,
				1CE335292B4B5B3500CABBE2 /* ContentView.swift in Sources */,
				1C6D93652B95A17B0044A779 /* APIToken.swift in Sources */,
				1CE335272B4B5B3500CABBE2 /* MoneyXchangerApp.swift in Sources */,
				1C6D93622B95A11A0044A779 /* AccessTokenManager.swift in Sources */,
				1C71CCA22B9E48040079117A /* Country+CountryCode.swift in Sources */,
				1C6D935D2B950B940044A779 /* NetworkError.swift in Sources */,
			);
			runOnlyForDeploymentPostprocessing = 0;
		};
		1CE3352F2B4B5B3600CABBE2 /* Sources */ = {
			isa = PBXSourcesBuildPhase;
			buildActionMask = 2147483647;
			files = (
				1CE335382B4B5B3600CABBE2 /* MoneyXchangerTests.swift in Sources */,
			);
			runOnlyForDeploymentPostprocessing = 0;
		};
		1CE335392B4B5B3600CABBE2 /* Sources */ = {
			isa = PBXSourcesBuildPhase;
			buildActionMask = 2147483647;
			files = (
				1CE335422B4B5B3600CABBE2 /* MoneyXchangerUITests.swift in Sources */,
				1CE335442B4B5B3600CABBE2 /* MoneyXchangerUITestsLaunchTests.swift in Sources */,
			);
			runOnlyForDeploymentPostprocessing = 0;
		};
/* End PBXSourcesBuildPhase section */

/* Begin PBXTargetDependency section */
		1CE335352B4B5B3600CABBE2 /* PBXTargetDependency */ = {
			isa = PBXTargetDependency;
			target = 1CE335222B4B5B3500CABBE2 /* moneyXchanger */;
			targetProxy = 1CE335342B4B5B3600CABBE2 /* PBXContainerItemProxy */;
		};
		1CE3353F2B4B5B3600CABBE2 /* PBXTargetDependency */ = {
			isa = PBXTargetDependency;
			target = 1CE335222B4B5B3500CABBE2 /* moneyXchanger */;
			targetProxy = 1CE3353E2B4B5B3600CABBE2 /* PBXContainerItemProxy */;
		};
/* End PBXTargetDependency section */

/* Begin XCBuildConfiguration section */
		1CE335452B4B5B3600CABBE2 /* Debug */ = {
			isa = XCBuildConfiguration;
			baseConfigurationReference = 1C11BB642B945A3C004DE9C1 /* Config.xcconfig */;
			buildSettings = {
				ALWAYS_SEARCH_USER_PATHS = NO;
				ASSETCATALOG_COMPILER_GENERATE_SWIFT_ASSET_SYMBOL_EXTENSIONS = YES;
				CLANG_ANALYZER_NONNULL = YES;
				CLANG_ANALYZER_NUMBER_OBJECT_CONVERSION = YES_AGGRESSIVE;
				CLANG_CXX_LANGUAGE_STANDARD = "gnu++20";
				CLANG_ENABLE_MODULES = YES;
				CLANG_ENABLE_OBJC_ARC = YES;
				CLANG_ENABLE_OBJC_WEAK = YES;
				CLANG_WARN_BLOCK_CAPTURE_AUTORELEASING = YES;
				CLANG_WARN_BOOL_CONVERSION = YES;
				CLANG_WARN_COMMA = YES;
				CLANG_WARN_CONSTANT_CONVERSION = YES;
				CLANG_WARN_DEPRECATED_OBJC_IMPLEMENTATIONS = YES;
				CLANG_WARN_DIRECT_OBJC_ISA_USAGE = YES_ERROR;
				CLANG_WARN_DOCUMENTATION_COMMENTS = YES;
				CLANG_WARN_EMPTY_BODY = YES;
				CLANG_WARN_ENUM_CONVERSION = YES;
				CLANG_WARN_INFINITE_RECURSION = YES;
				CLANG_WARN_INT_CONVERSION = YES;
				CLANG_WARN_NON_LITERAL_NULL_CONVERSION = YES;
				CLANG_WARN_OBJC_IMPLICIT_RETAIN_SELF = YES;
				CLANG_WARN_OBJC_LITERAL_CONVERSION = YES;
				CLANG_WARN_OBJC_ROOT_CLASS = YES_ERROR;
				CLANG_WARN_QUOTED_INCLUDE_IN_FRAMEWORK_HEADER = YES;
				CLANG_WARN_RANGE_LOOP_ANALYSIS = YES;
				CLANG_WARN_STRICT_PROTOTYPES = YES;
				CLANG_WARN_SUSPICIOUS_MOVE = YES;
				CLANG_WARN_UNGUARDED_AVAILABILITY = YES_AGGRESSIVE;
				CLANG_WARN_UNREACHABLE_CODE = YES;
				CLANG_WARN__DUPLICATE_METHOD_MATCH = YES;
				COPY_PHASE_STRIP = NO;
				DEBUG_INFORMATION_FORMAT = dwarf;
				ENABLE_STRICT_OBJC_MSGSEND = YES;
				ENABLE_TESTABILITY = YES;
				ENABLE_USER_SCRIPT_SANDBOXING = YES;
				GCC_C_LANGUAGE_STANDARD = gnu17;
				GCC_DYNAMIC_NO_PIC = NO;
				GCC_NO_COMMON_BLOCKS = YES;
				GCC_OPTIMIZATION_LEVEL = 0;
				GCC_PREPROCESSOR_DEFINITIONS = (
					"DEBUG=1",
					"$(inherited)",
				);
				GCC_WARN_64_TO_32_BIT_CONVERSION = YES;
				GCC_WARN_ABOUT_RETURN_TYPE = YES_ERROR;
				GCC_WARN_UNDECLARED_SELECTOR = YES;
				GCC_WARN_UNINITIALIZED_AUTOS = YES_AGGRESSIVE;
				GCC_WARN_UNUSED_FUNCTION = YES;
				GCC_WARN_UNUSED_VARIABLE = YES;
				IPHONEOS_DEPLOYMENT_TARGET = 17.2;
				LOCALIZATION_PREFERS_STRING_CATALOGS = YES;
				MTL_ENABLE_DEBUG_INFO = INCLUDE_SOURCE;
				MTL_FAST_MATH = YES;
				ONLY_ACTIVE_ARCH = YES;
				SDKROOT = iphoneos;
				SWIFT_ACTIVE_COMPILATION_CONDITIONS = "DEBUG $(inherited)";
				SWIFT_OPTIMIZATION_LEVEL = "-Onone";
			};
			name = Debug;
		};
		1CE335462B4B5B3600CABBE2 /* Release */ = {
			isa = XCBuildConfiguration;
			baseConfigurationReference = 1C11BB642B945A3C004DE9C1 /* Config.xcconfig */;
			buildSettings = {
				ALWAYS_SEARCH_USER_PATHS = NO;
				ASSETCATALOG_COMPILER_GENERATE_SWIFT_ASSET_SYMBOL_EXTENSIONS = YES;
				CLANG_ANALYZER_NONNULL = YES;
				CLANG_ANALYZER_NUMBER_OBJECT_CONVERSION = YES_AGGRESSIVE;
				CLANG_CXX_LANGUAGE_STANDARD = "gnu++20";
				CLANG_ENABLE_MODULES = YES;
				CLANG_ENABLE_OBJC_ARC = YES;
				CLANG_ENABLE_OBJC_WEAK = YES;
				CLANG_WARN_BLOCK_CAPTURE_AUTORELEASING = YES;
				CLANG_WARN_BOOL_CONVERSION = YES;
				CLANG_WARN_COMMA = YES;
				CLANG_WARN_CONSTANT_CONVERSION = YES;
				CLANG_WARN_DEPRECATED_OBJC_IMPLEMENTATIONS = YES;
				CLANG_WARN_DIRECT_OBJC_ISA_USAGE = YES_ERROR;
				CLANG_WARN_DOCUMENTATION_COMMENTS = YES;
				CLANG_WARN_EMPTY_BODY = YES;
				CLANG_WARN_ENUM_CONVERSION = YES;
				CLANG_WARN_INFINITE_RECURSION = YES;
				CLANG_WARN_INT_CONVERSION = YES;
				CLANG_WARN_NON_LITERAL_NULL_CONVERSION = YES;
				CLANG_WARN_OBJC_IMPLICIT_RETAIN_SELF = YES;
				CLANG_WARN_OBJC_LITERAL_CONVERSION = YES;
				CLANG_WARN_OBJC_ROOT_CLASS = YES_ERROR;
				CLANG_WARN_QUOTED_INCLUDE_IN_FRAMEWORK_HEADER = YES;
				CLANG_WARN_RANGE_LOOP_ANALYSIS = YES;
				CLANG_WARN_STRICT_PROTOTYPES = YES;
				CLANG_WARN_SUSPICIOUS_MOVE = YES;
				CLANG_WARN_UNGUARDED_AVAILABILITY = YES_AGGRESSIVE;
				CLANG_WARN_UNREACHABLE_CODE = YES;
				CLANG_WARN__DUPLICATE_METHOD_MATCH = YES;
				COPY_PHASE_STRIP = NO;
				DEBUG_INFORMATION_FORMAT = "dwarf-with-dsym";
				ENABLE_NS_ASSERTIONS = NO;
				ENABLE_STRICT_OBJC_MSGSEND = YES;
				ENABLE_USER_SCRIPT_SANDBOXING = YES;
				GCC_C_LANGUAGE_STANDARD = gnu17;
				GCC_NO_COMMON_BLOCKS = YES;
				GCC_WARN_64_TO_32_BIT_CONVERSION = YES;
				GCC_WARN_ABOUT_RETURN_TYPE = YES_ERROR;
				GCC_WARN_UNDECLARED_SELECTOR = YES;
				GCC_WARN_UNINITIALIZED_AUTOS = YES_AGGRESSIVE;
				GCC_WARN_UNUSED_FUNCTION = YES;
				GCC_WARN_UNUSED_VARIABLE = YES;
				IPHONEOS_DEPLOYMENT_TARGET = 17.2;
				LOCALIZATION_PREFERS_STRING_CATALOGS = YES;
				MTL_ENABLE_DEBUG_INFO = NO;
				MTL_FAST_MATH = YES;
				SDKROOT = iphoneos;
				SWIFT_COMPILATION_MODE = wholemodule;
				VALIDATE_PRODUCT = YES;
			};
			name = Release;
		};
		1CE335482B4B5B3600CABBE2 /* Debug */ = {
			isa = XCBuildConfiguration;
			buildSettings = {
				ASSETCATALOG_COMPILER_APPICON_NAME = AppIcon;
				ASSETCATALOG_COMPILER_GLOBAL_ACCENT_COLOR_NAME = AccentColor;
				CODE_SIGN_STYLE = Automatic;
				CURRENT_PROJECT_VERSION = 1;
				DEVELOPMENT_ASSET_PATHS = "\"moneyXchanger/Preview Content\"";
				DEVELOPMENT_TEAM = 4386S7QABL;
				ENABLE_PREVIEWS = YES;
				ENABLE_USER_SCRIPT_SANDBOXING = NO;
				GENERATE_INFOPLIST_FILE = YES;
				INFOPLIST_FILE = moneyXchanger/Info.plist;
				INFOPLIST_KEY_UIApplicationSceneManifest_Generation = YES;
				INFOPLIST_KEY_UIApplicationSupportsIndirectInputEvents = YES;
				INFOPLIST_KEY_UILaunchScreen_Generation = YES;
				INFOPLIST_KEY_UISupportedInterfaceOrientations_iPad = "UIInterfaceOrientationPortrait UIInterfaceOrientationPortraitUpsideDown UIInterfaceOrientationLandscapeLeft UIInterfaceOrientationLandscapeRight";
				INFOPLIST_KEY_UISupportedInterfaceOrientations_iPhone = "UIInterfaceOrientationPortrait UIInterfaceOrientationLandscapeLeft UIInterfaceOrientationLandscapeRight";
				LD_RUNPATH_SEARCH_PATHS = (
					"$(inherited)",
					"@executable_path/Frameworks",
				);
				MARKETING_VERSION = 1.0;
				PRODUCT_BUNDLE_IDENTIFIER = com.romangurung.moneyXChanger.moneyXchanger;
				PRODUCT_NAME = "$(TARGET_NAME)";
				SWIFT_EMIT_LOC_STRINGS = YES;
				SWIFT_VERSION = 5.0;
				TARGETED_DEVICE_FAMILY = "1,2";
			};
			name = Debug;
		};
		1CE335492B4B5B3600CABBE2 /* Release */ = {
			isa = XCBuildConfiguration;
			buildSettings = {
				ASSETCATALOG_COMPILER_APPICON_NAME = AppIcon;
				ASSETCATALOG_COMPILER_GLOBAL_ACCENT_COLOR_NAME = AccentColor;
				CODE_SIGN_STYLE = Automatic;
				CURRENT_PROJECT_VERSION = 1;
				DEVELOPMENT_ASSET_PATHS = "\"moneyXchanger/Preview Content\"";
				DEVELOPMENT_TEAM = 4386S7QABL;
				ENABLE_PREVIEWS = YES;
				ENABLE_USER_SCRIPT_SANDBOXING = NO;
				GENERATE_INFOPLIST_FILE = YES;
				INFOPLIST_FILE = moneyXchanger/Info.plist;
				INFOPLIST_KEY_UIApplicationSceneManifest_Generation = YES;
				INFOPLIST_KEY_UIApplicationSupportsIndirectInputEvents = YES;
				INFOPLIST_KEY_UILaunchScreen_Generation = YES;
				INFOPLIST_KEY_UISupportedInterfaceOrientations_iPad = "UIInterfaceOrientationPortrait UIInterfaceOrientationPortraitUpsideDown UIInterfaceOrientationLandscapeLeft UIInterfaceOrientationLandscapeRight";
				INFOPLIST_KEY_UISupportedInterfaceOrientations_iPhone = "UIInterfaceOrientationPortrait UIInterfaceOrientationLandscapeLeft UIInterfaceOrientationLandscapeRight";
				LD_RUNPATH_SEARCH_PATHS = (
					"$(inherited)",
					"@executable_path/Frameworks",
				);
				MARKETING_VERSION = 1.0;
				PRODUCT_BUNDLE_IDENTIFIER = com.romangurung.moneyXChanger.moneyXchanger;
				PRODUCT_NAME = "$(TARGET_NAME)";
				SWIFT_EMIT_LOC_STRINGS = YES;
				SWIFT_VERSION = 5.0;
				TARGETED_DEVICE_FAMILY = "1,2";
			};
			name = Release;
		};
		1CE3354B2B4B5B3600CABBE2 /* Debug */ = {
			isa = XCBuildConfiguration;
			buildSettings = {
				ALWAYS_EMBED_SWIFT_STANDARD_LIBRARIES = YES;
				BUNDLE_LOADER = "$(TEST_HOST)";
				CODE_SIGN_STYLE = Automatic;
				CURRENT_PROJECT_VERSION = 1;
				DEVELOPMENT_TEAM = 4386S7QABL;
				GENERATE_INFOPLIST_FILE = YES;
				IPHONEOS_DEPLOYMENT_TARGET = 17.2;
				MARKETING_VERSION = 1.0;
				PRODUCT_BUNDLE_IDENTIFIER = com.romangurung.moneyXChanger.moneyXchangerTests;
				PRODUCT_NAME = "$(TARGET_NAME)";
				SWIFT_EMIT_LOC_STRINGS = NO;
				SWIFT_VERSION = 5.0;
				TARGETED_DEVICE_FAMILY = "1,2";
				TEST_HOST = "$(BUILT_PRODUCTS_DIR)/moneyXchanger.app/$(BUNDLE_EXECUTABLE_FOLDER_PATH)/moneyXchanger";
			};
			name = Debug;
		};
		1CE3354C2B4B5B3600CABBE2 /* Release */ = {
			isa = XCBuildConfiguration;
			buildSettings = {
				ALWAYS_EMBED_SWIFT_STANDARD_LIBRARIES = YES;
				BUNDLE_LOADER = "$(TEST_HOST)";
				CODE_SIGN_STYLE = Automatic;
				CURRENT_PROJECT_VERSION = 1;
				DEVELOPMENT_TEAM = 4386S7QABL;
				GENERATE_INFOPLIST_FILE = YES;
				IPHONEOS_DEPLOYMENT_TARGET = 17.2;
				MARKETING_VERSION = 1.0;
				PRODUCT_BUNDLE_IDENTIFIER = com.romangurung.moneyXChanger.moneyXchangerTests;
				PRODUCT_NAME = "$(TARGET_NAME)";
				SWIFT_EMIT_LOC_STRINGS = NO;
				SWIFT_VERSION = 5.0;
				TARGETED_DEVICE_FAMILY = "1,2";
				TEST_HOST = "$(BUILT_PRODUCTS_DIR)/moneyXchanger.app/$(BUNDLE_EXECUTABLE_FOLDER_PATH)/moneyXchanger";
			};
			name = Release;
		};
		1CE3354E2B4B5B3600CABBE2 /* Debug */ = {
			isa = XCBuildConfiguration;
			buildSettings = {
				ALWAYS_EMBED_SWIFT_STANDARD_LIBRARIES = YES;
				CODE_SIGN_STYLE = Automatic;
				CURRENT_PROJECT_VERSION = 1;
				DEVELOPMENT_TEAM = 4386S7QABL;
				GENERATE_INFOPLIST_FILE = YES;
				MARKETING_VERSION = 1.0;
				PRODUCT_BUNDLE_IDENTIFIER = com.romangurung.moneyXChanger.moneyXchangerUITests;
				PRODUCT_NAME = "$(TARGET_NAME)";
				SWIFT_EMIT_LOC_STRINGS = NO;
				SWIFT_VERSION = 5.0;
				TARGETED_DEVICE_FAMILY = "1,2";
				TEST_TARGET_NAME = moneyXchanger;
			};
			name = Debug;
		};
		1CE3354F2B4B5B3600CABBE2 /* Release */ = {
			isa = XCBuildConfiguration;
			buildSettings = {
				ALWAYS_EMBED_SWIFT_STANDARD_LIBRARIES = YES;
				CODE_SIGN_STYLE = Automatic;
				CURRENT_PROJECT_VERSION = 1;
				DEVELOPMENT_TEAM = 4386S7QABL;
				GENERATE_INFOPLIST_FILE = YES;
				MARKETING_VERSION = 1.0;
				PRODUCT_BUNDLE_IDENTIFIER = com.romangurung.moneyXChanger.moneyXchangerUITests;
				PRODUCT_NAME = "$(TARGET_NAME)";
				SWIFT_EMIT_LOC_STRINGS = NO;
				SWIFT_VERSION = 5.0;
				TARGETED_DEVICE_FAMILY = "1,2";
				TEST_TARGET_NAME = moneyXchanger;
			};
			name = Release;
		};
/* End XCBuildConfiguration section */

/* Begin XCConfigurationList section */
		1CE3351E2B4B5B3500CABBE2 /* Build configuration list for PBXProject "moneyXchanger" */ = {
			isa = XCConfigurationList;
			buildConfigurations = (
				1CE335452B4B5B3600CABBE2 /* Debug */,
				1CE335462B4B5B3600CABBE2 /* Release */,
			);
			defaultConfigurationIsVisible = 0;
			defaultConfigurationName = Release;
		};
		1CE335472B4B5B3600CABBE2 /* Build configuration list for PBXNativeTarget "moneyXchanger" */ = {
			isa = XCConfigurationList;
			buildConfigurations = (
				1CE335482B4B5B3600CABBE2 /* Debug */,
				1CE335492B4B5B3600CABBE2 /* Release */,
			);
			defaultConfigurationIsVisible = 0;
			defaultConfigurationName = Release;
		};
		1CE3354A2B4B5B3600CABBE2 /* Build configuration list for PBXNativeTarget "moneyXchangerTests" */ = {
			isa = XCConfigurationList;
			buildConfigurations = (
				1CE3354B2B4B5B3600CABBE2 /* Debug */,
				1CE3354C2B4B5B3600CABBE2 /* Release */,
			);
			defaultConfigurationIsVisible = 0;
			defaultConfigurationName = Release;
		};
		1CE3354D2B4B5B3600CABBE2 /* Build configuration list for PBXNativeTarget "moneyXchangerUITests" */ = {
			isa = XCConfigurationList;
			buildConfigurations = (
				1CE3354E2B4B5B3600CABBE2 /* Debug */,
				1CE3354F2B4B5B3600CABBE2 /* Release */,
			);
			defaultConfigurationIsVisible = 0;
			defaultConfigurationName = Release;
		};
/* End XCConfigurationList section */
	};
	rootObject = 1CE3351B2B4B5B3500CABBE2 /* Project object */;
}
